
Microsoft Visual Studio Solution File, Format Version 12.00
# Visual Studio 15
Project("{FAE04EC0-301F-11D3-BF4B-00C04F79EFBC}") = "Assembly-CSharp", "Assembly-CSharp.csproj", "{BA80AA33-FFB5-F7D4-58FD-E4F3B7F610B3}"
EndProject
Project("{FAE04EC0-301F-11D3-BF4B-00C04F79EFBC}") = "Assembly-CSharp-Editor", "Assembly-CSharp-Editor.csproj", "{D722A0B7-5328-FADD-A584-672415E48DC2}"
EndProject
Global
	GlobalSection(SolutionConfigurationPlatforms) = preSolution
		Debug|Any CPU = Debug|Any CPU
		Release|Any CPU = Release|Any CPU
	EndGlobalSection
	GlobalSection(ProjectConfigurationPlatforms) = postSolution
		{BA80AA33-FFB5-F7D4-58FD-E4F3B7F610B3}.Debug|Any CPU.ActiveCfg = Debug|Any CPU
		{BA80AA33-FFB5-F7D4-58FD-E4F3B7F610B3}.Debug|Any CPU.Build.0 = Debug|Any CPU
		{BA80AA33-FFB5-F7D4-58FD-E4F3B7F610B3}.Release|Any CPU.ActiveCfg = Release|Any CPU
		{BA80AA33-FFB5-F7D4-58FD-E4F3B7F610B3}.Release|Any CPU.Build.0 = Release|Any CPU
		{D722A0B7-5328-FADD-A584-672415E48DC2}.Debug|Any CPU.ActiveCfg = Debug|Any CPU
		{D722A0B7-5328-FADD-A584-672415E48DC2}.Debug|Any CPU.Build.0 = Debug|Any CPU
		{D722A0B7-5328-FADD-A584-672415E48DC2}.Release|Any CPU.ActiveCfg = Release|Any CPU
		{D722A0B7-5328-FADD-A584-672415E48DC2}.Release|Any CPU.Build.0 = Release|Any CPU
	EndGlobalSection
	GlobalSection(SolutionProperties) = preSolution
		HideSolutionNode = FALSE
	EndGlobalSection
EndGlobal
